
Microsoft Visual Studio Solution File, Format Version 12.00
# Visual Studio Version 17
VisualStudioVersion = 17.5.33530.505
MinimumVisualStudioVersion = 10.0.40219.1
Project("{FAE04EC0-301F-11D3-BF4B-00C04F79EFBC}") = "Server", "Server\Server.csproj", "{B1DCC196-8EEE-4657-8261-96F7D8410CE6}"
EndProject
Global
	GlobalSection(SolutionConfigurationPlatforms) = preSolution
		Debug|Any CPU = Debug|Any CPU
		Release|Any CPU = Release|Any CPU
	EndGlobalSection
	GlobalSection(ProjectConfigurationPlatforms) = postSolution
		{B1DCC196-8EEE-4657-8261-96F7D8410CE6}.Debug|Any CPU.ActiveCfg = Debug|Any CPU
		{B1DCC196-8EEE-4657-8261-96F7D8410CE6}.Debug|Any CPU.Build.0 = Debug|Any CPU
		{B1DCC196-8EEE-4657-8261-96F7D8410CE6}.Release|Any CPU.ActiveCfg = Release|Any CPU
		{B1DCC196-8EEE-4657-8261-96F7D8410CE6}.Release|Any CPU.Build.0 = Release|Any CPU
	EndGlobalSection
	GlobalSection(SolutionProperties) = preSolution
		HideSolutionNode = FALSE
	EndGlobalSection
	GlobalSection(ExtensibilityGlobals) = postSolution
		SolutionGuid = {334FD8C6-7062-4E89-A8F2-49F167F04B1B}
	EndGlobalSection
EndGlobal
